// !$*UTF8*$!
{
	archiveVersion = 1;
	classes = {
	};
	objectVersion = 46;
	objects = {

/* Begin PBXBuildFile section */
		85CF8C9C1BB30081009C3C42 /* main.m in Sources */ = {isa = PBXBuildFile; fileRef = 85CF8C9B1BB30081009C3C42 /* main.m */; };
		85CF8C9F1BB30081009C3C42 /* AppDelegate.m in Sources */ = {isa = PBXBuildFile; fileRef = 85CF8C9E1BB30081009C3C42 /* AppDelegate.m */; };
		85CF8CA71BB30081009C3C42 /* Images.xcassets in Resources */ = {isa = PBXBuildFile; fileRef = 85CF8CA61BB30081009C3C42 /* Images.xcassets */; };
		85CF8CAA1BB30081009C3C42 /* LaunchScreen.xib in Resources */ = {isa = PBXBuildFile; fileRef = 85CF8CA81BB30081009C3C42 /* LaunchScreen.xib */; };
		85CF8CB61BB30081009C3C42 /* searchDemoTests.m in Sources */ = {isa = PBXBuildFile; fileRef = 85CF8CB51BB30081009C3C42 /* searchDemoTests.m */; };
		85CF8CC01BB300B5009C3C42 /* Main.storyboard in Resources */ = {isa = PBXBuildFile; fileRef = 85CF8CBF1BB300B5009C3C42 /* Main.storyboard */; };
		85CF8CC31BB300E0009C3C42 /* searchTableViewController.m in Sources */ = {isa = PBXBuildFile; fileRef = 85CF8CC21BB300E0009C3C42 /* searchTableViewController.m */; };
/* End PBXBuildFile section */

/* Begin PBXContainerItemProxy section */
		85CF8CB01BB30081009C3C42 /* PBXContainerItemProxy */ = {
			isa = PBXContainerItemProxy;
			containerPortal = 85CF8C8E1BB30081009C3C42 /* Project object */;
			proxyType = 1;
			remoteGlobalIDString = 85CF8C951BB30081009C3C42;
			remoteInfo = searchDemo;
		};
/* End PBXContainerItemProxy section */

/* Begin PBXFileReference section */
		85CF8C961BB30081009C3C42 /* searchDemo.app */ = {isa = PBXFileReference; explicitFileType = wrapper.application; includeInIndex = 0; path = searchDemo.app; sourceTree = BUILT_PRODUCTS_DIR; };
		85CF8C9A1BB30081009C3C42 /* Info.plist */ = {isa = PBXFileReference; lastKnownFileType = text.plist.xml; path = Info.plist; sourceTree = "<group>"; };
		85CF8C9B1BB30081009C3C42 /* main.m */ = {isa = PBXFileReference; lastKnownFileType = sourcecode.c.objc; path = main.m; sourceTree = "<group>"; };
		85CF8C9D1BB30081009C3C42 /* AppDelegate.h */ = {isa = PBXFileReference; lastKnownFileType = sourcecode.c.h; path = AppDelegate.h; sourceTree = "<group>"; };
		85CF8C9E1BB30081009C3C42 /* AppDelegate.m */ = {isa = PBXFileReference; lastKnownFileType = sourcecode.c.objc; path = AppDelegate.m; sourceTree = "<group>"; };
		85CF8CA61BB30081009C3C42 /* Images.xcassets */ = {isa = PBXFileReference; lastKnownFileType = folder.assetcatalog; path = Images.xcassets; sourceTree = "<group>"; };
		85CF8CA91BB30081009C3C42 /* Base */ = {isa = PBXFileReference; lastKnownFileType = file.xib; name = Base; path = Base.lproj/LaunchScreen.xib; sourceTree = "<group>"; };
		85CF8CAF1BB30081009C3C42 /* searchDemoTests.xctest */ = {isa = PBXFileReference; explicitFileType = wrapper.cfbundle; includeInIndex = 0; path = searchDemoTests.xctest; sourceTree = BUILT_PRODUCTS_DIR; };
		85CF8CB41BB30081009C3C42 /* Info.plist */ = {isa = PBXFileReference; lastKnownFileType = text.plist.xml; path = Info.plist; sourceTree = "<group>"; };
		85CF8CB51BB30081009C3C42 /* searchDemoTests.m */ = {isa = PBXFileReference; lastKnownFileType = sourcecode.c.objc; path = searchDemoTests.m; sourceTree = "<group>"; };
		85CF8CBF1BB300B5009C3C42 /* Main.storyboard */ = {isa = PBXFileReference; fileEncoding = 4; lastKnownFileType = file.storyboard; path = Main.storyboard; sourceTree = "<group>"; };
		85CF8CC11BB300E0009C3C42 /* searchTableViewController.h */ = {isa = PBXFileReference; fileEncoding = 4; lastKnownFileType = sourcecode.c.h; path = searchTableViewController.h; sourceTree = SOURCE_ROOT; };
		85CF8CC21BB300E0009C3C42 /* searchTableViewController.m */ = {isa = PBXFileReference; fileEncoding = 4; lastKnownFileType = sourcecode.c.objc; path = searchTableViewController.m; sourceTree = SOURCE_ROOT; };
/* End PBXFileReference section */

/* Begin PBXFrameworksBuildPhase section */
		85CF8C931BB30081009C3C42 /* Frameworks */ = {
			isa = PBXFrameworksBuildPhase;
			buildActionMask = 2147483647;
			files = (
			);
			runOnlyForDeploymentPostprocessing = 0;
		};
		85CF8CAC1BB30081009C3C42 /* Frameworks */ = {
			isa = PBXFrameworksBuildPhase;
			buildActionMask = 2147483647;
			files = (
			);
			runOnlyForDeploymentPostprocessing = 0;
		};
/* End PBXFrameworksBuildPhase section */

/* Begin PBXGroup section */
		85CF8C8D1BB30081009C3C42 = {
			isa = PBXGroup;
			children = (
				85CF8C981BB30081009C3C42 /* searchDemo */,
				85CF8CB21BB30081009C3C42 /* searchDemoTests */,
				85CF8C971BB30081009C3C42 /* Products */,
			);
			sourceTree = "<group>";
		};
		85CF8C971BB30081009C3C42 /* Products */ = {
			isa = PBXGroup;
			children = (
				85CF8C961BB30081009C3C42 /* searchDemo.app */,
				85CF8CAF1BB30081009C3C42 /* searchDemoTests.xctest */,
			);
			name = Products;
			sourceTree = "<group>";
		};
		85CF8C981BB30081009C3C42 /* searchDemo */ = {
			isa = PBXGroup;
			children = (
				85CF8CBF1BB300B5009C3C42 /* Main.storyboard */,
				85CF8CC11BB300E0009C3C42 /* searchTableViewController.h */,
				85CF8CC21BB300E0009C3C42 /* searchTableViewController.m */,
				85CF8C9D1BB30081009C3C42 /* AppDelegate.h */,
				85CF8C9E1BB30081009C3C42 /* AppDelegate.m */,
				85CF8CA61BB30081009C3C42 /* Images.xcassets */,
				85CF8CA81BB30081009C3C42 /* LaunchScreen.xib */,
				85CF8C991BB30081009C3C42 /* Supporting Files */,
			);
			path = searchDemo;
			sourceTree = "<group>";
		};
		85CF8C991BB30081009C3C42 /* Supporting Files */ = {
			isa = PBXGroup;
			children = (
				85CF8C9A1BB30081009C3C42 /* Info.plist */,
				85CF8C9B1BB30081009C3C42 /* main.m */,
			);
			name = "Supporting Files";
			sourceTree = "<group>";
		};
		85CF8CB21BB30081009C3C42 /* searchDemoTests */ = {
			isa = PBXGroup;
			children = (
				85CF8CB51BB30081009C3C42 /* searchDemoTests.m */,
				85CF8CB31BB30081009C3C42 /* Supporting Files */,
			);
			path = searchDemoTests;
			sourceTree = "<group>";
		};
		85CF8CB31BB30081009C3C42 /* Supporting Files */ = {
			isa = PBXGroup;
			children = (
				85CF8CB41BB30081009C3C42 /* Info.plist */,
			);
			name = "Supporting Files";
			sourceTree = "<group>";
		};
/* End PBXGroup section */

/* Begin PBXNativeTarget section */
		85CF8C951BB30081009C3C42 /* searchDemo */ = {
			isa = PBXNativeTarget;
			buildConfigurationList = 85CF8CB91BB30081009C3C42 /* Build configuration list for PBXNativeTarget "searchDemo" */;
			buildPhases = (
				85CF8C921BB30081009C3C42 /* Sources */,
				85CF8C931BB30081009C3C42 /* Frameworks */,
				85CF8C941BB30081009C3C42 /* Resources */,
			);
			buildRules = (
			);
			dependencies = (
			);
			name = searchDemo;
			productName = searchDemo;
			productReference = 85CF8C961BB30081009C3C42 /* searchDemo.app */;
			productType = "com.apple.product-type.application";
		};
		85CF8CAE1BB30081009C3C42 /* searchDemoTests */ = {
			isa = PBXNativeTarget;
			buildConfigurationList = 85CF8CBC1BB30081009C3C42 /* Build configuration list for PBXNativeTarget "searchDemoTests" */;
			buildPhases = (
				85CF8CAB1BB30081009C3C42 /* Sources */,
				85CF8CAC1BB30081009C3C42 /* Frameworks */,
				85CF8CAD1BB30081009C3C42 /* Resources */,
			);
			buildRules = (
			);
			dependencies = (
				85CF8CB11BB30081009C3C42 /* PBXTargetDependency */,
			);
			name = searchDemoTests;
			productName = searchDemoTests;
			productReference = 85CF8CAF1BB30081009C3C42 /* searchDemoTests.xctest */;
			productType = "com.apple.product-type.bundle.unit-test";
		};
/* End PBXNativeTarget section */

/* Begin PBXProject section */
		85CF8C8E1BB30081009C3C42 /* Project object */ = {
			isa = PBXProject;
			attributes = {
				LastUpgradeCheck = 0640;
				ORGANIZATIONNAME = saintPN;
				TargetAttributes = {
					85CF8C951BB30081009C3C42 = {
						CreatedOnToolsVersion = 6.4;
					};
					85CF8CAE1BB30081009C3C42 = {
						CreatedOnToolsVersion = 6.4;
						TestTargetID = 85CF8C951BB30081009C3C42;
					};
				};
			};
			buildConfigurationList = 85CF8C911BB30081009C3C42 /* Build configuration list for PBXProject "searchDemo" */;
			compatibilityVersion = "Xcode 3.2";
			developmentRegion = English;
			hasScannedForEncodings = 0;
			knownRegions = (
				en,
				Base,
			);
			mainGroup = 85CF8C8D1BB30081009C3C42;
			productRefGroup = 85CF8C971BB30081009C3C42 /* Products */;
			projectDirPath = "";
			projectRoot = "";
			targets = (
				85CF8C951BB30081009C3C42 /* searchDemo */,
				85CF8CAE1BB30081009C3C42 /* searchDemoTests */,
			);
		};
/* End PBXProject section */

/* Begin PBXResourcesBuildPhase section */
		85CF8C941BB30081009C3C42 /* Resources */ = {
			isa = PBXResourcesBuildPhase;
			buildActionMask = 2147483647;
			files = (
				85CF8CAA1BB30081009C3C42 /* LaunchScreen.xib in Resources */,
				85CF8CC01BB300B5009C3C42 /* Main.storyboard in Resources */,
				85CF8CA71BB30081009C3C42 /* Images.xcassets in Resources */,
			);
			runOnlyForDeploymentPostprocessing = 0;
		};
		85CF8CAD1BB30081009C3C42 /* Resources */ = {
			isa = PBXResourcesBuildPhase;
			buildActionMask = 2147483647;
			files = (
			);
			runOnlyForDeploymentPostprocessing = 0;
		};
/* End PBXResourcesBuildPhase section */

/* Begin PBXSourcesBuildPhase section */
		85CF8C921BB30081009C3C42 /* Sources */ = {
			isa = PBXSourcesBuildPhase;
			buildActionMask = 2147483647;
			files = (
				85CF8CC31BB300E0009C3C42 /* searchTableViewController.m in Sources */,
				85CF8C9F1BB30081009C3C42 /* AppDelegate.m in Sources */,
				85CF8C9C1BB30081009C3C42 /* main.m in Sources */,
			);
			runOnlyForDeploymentPostprocessing = 0;
		};
		85CF8CAB1BB30081009C3C42 /* Sources */ = {
			isa = PBXSourcesBuildPhase;
			buildActionMask = 2147483647;
			files = (
				85CF8CB61BB30081009C3C42 /* searchDemoTests.m in Sources */,
			);
			runOnlyForDeploymentPostprocessing = 0;
		};
/* End PBXSourcesBuildPhase section */

/* Begin PBXTargetDependency section */
		85CF8CB11BB30081009C3C42 /* PBXTargetDependency */ = {
			isa = PBXTargetDependency;
			target = 85CF8C951BB30081009C3C42 /* searchDemo */;
			targetProxy = 85CF8CB01BB30081009C3C42 /* PBXContainerItemProxy */;
		};
/* End PBXTargetDependency section */

/* Begin PBXVariantGroup section */
		85CF8CA81BB30081009C3C42 /* LaunchScreen.xib */ = {
			isa = PBXVariantGroup;
			children = (
				85CF8CA91BB30081009C3C42 /* Base */,
			);
			name = LaunchScreen.xib;
			sourceTree = "<group>";
		};
/* End PBXVariantGroup section */

/* Begin XCBuildConfiguration section */
		85CF8CB71BB30081009C3C42 /* Debug */ = {
			isa = XCBuildConfiguration;
			buildSettings = {
				ALWAYS_SEARCH_USER_PATHS = NO;
				CLANG_CXX_LANGUAGE_STANDARD = "gnu++0x";
				CLANG_CXX_LIBRARY = "libc++";
				CLANG_ENABLE_MODULES = YES;
				CLANG_ENABLE_OBJC_ARC = YES;
				CLANG_WARN_BOOL_CONVERSION = YES;
				CLANG_WARN_CONSTANT_CONVERSION = YES;
				CLANG_WARN_DIRECT_OBJC_ISA_USAGE = YES_ERROR;
				CLANG_WARN_EMPTY_BODY = YES;
				CLANG_WARN_ENUM_CONVERSION = YES;
				CLANG_WARN_INT_CONVERSION = YES;
				CLANG_WARN_OBJC_ROOT_CLASS = YES_ERROR;
				CLANG_WARN_UNREACHABLE_CODE = YES;
				CLANG_WARN__DUPLICATE_METHOD_MATCH = YES;
				"CODE_SIGN_IDENTITY[sdk=iphoneos*]" = "iPhone Developer";
				COPY_PHASE_STRIP = NO;
				DEBUG_INFORMATION_FORMAT = "dwarf-with-dsym";
				ENABLE_STRICT_OBJC_MSGSEND = YES;
				GCC_C_LANGUAGE_STANDARD = gnu99;
				GCC_DYNAMIC_NO_PIC = NO;
				GCC_NO_COMMON_BLOCKS = YES;
				GCC_OPTIMIZATION_LEVEL = 0;
				GCC_PREPROCESSOR_DEFINITIONS = (
					"DEBUG=1",
					"$(inherited)",
				);
				GCC_SYMBOLS_PRIVATE_EXTERN = NO;
				GCC_WARN_64_TO_32_BIT_CONVERSION = YES;
				GCC_WARN_ABOUT_RETURN_TYPE = YES_ERROR;
				GCC_WARN_UNDECLARED_SELECTOR = YES;
				GCC_WARN_UNINITIALIZED_AUTOS = YES_AGGRESSIVE;
				GCC_WARN_UNUSED_FUNCTION = YES;
				GCC_WARN_UNUSED_VARIABLE = YES;
				IPHONEOS_DEPLOYMENT_TARGET = 8.4;
				MTL_ENABLE_DEBUG_INFO = YES;
				ONLY_ACTIVE_ARCH = YES;
				SDKROOT = iphoneos;
			};
			name = Debug;
		};
		85CF8CB81BB30081009C3C42 /* Release */ = {
			isa = XCBuildConfiguration;
			buildSettings = {
				ALWAYS_SEARCH_USER_PATHS = NO;
				CLANG_CXX_LANGUAGE_STANDARD = "gnu++0x";
				CLANG_CXX_LIBRARY = "libc++";
				CLANG_ENABLE_MODULES = YES;
				CLANG_ENABLE_OBJC_ARC = YES;
				CLANG_WARN_BOOL_CONVERSION = YES;
				CLANG_WARN_CONSTANT_CONVERSION = YES;
				CLANG_WARN_DIRECT_OBJC_ISA_USAGE = YES_ERROR;
				CLANG_WARN_EMPTY_BODY = YES;
				CLANG_WARN_ENUM_CONVERSION = YES;
				CLANG_WARN_INT_CONVERSION = YES;
				CLANG_WARN_OBJC_ROOT_CLASS = YES_ERROR;
				CLANG_WARN_UNREACHABLE_CODE = YES;
				CLANG_WARN__DUPLICATE_METHOD_MATCH = YES;
				"CODE_SIGN_IDENTITY[sdk=iphoneos*]" = "iPhone Developer";
				COPY_PHASE_STRIP = NO;
				DEBUG_INFORMATION_FORMAT = "dwarf-with-dsym";
				ENABLE_NS_ASSERTIONS = NO;
				ENABLE_STRICT_OBJC_MSGSEND = YES;
				GCC_C_LANGUAGE_STANDARD = gnu99;
				GCC_NO_COMMON_BLOCKS = YES;
				GCC_WARN_64_TO_32_BIT_CONVERSION = YES;
				GCC_WARN_ABOUT_RETURN_TYPE = YES_ERROR;
				GCC_WARN_UNDECLARED_SELECTOR = YES;
				GCC_WARN_UNINITIALIZED_AUTOS = YES_AGGRESSIVE;
				GCC_WARN_UNUSED_FUNCTION = YES;
				GCC_WARN_UNUSED_VARIABLE = YES;
				IPHONEOS_DEPLOYMENT_TARGET = 8.4;
				MTL_ENABLE_DEBUG_INFO = NO;
				SDKROOT = iphoneos;
				VALIDATE_PRODUCT = YES;
			};
			name = Release;
		};
		85CF8CBA1BB30081009C3C42 /* Debug */ = {
			isa = XCBuildConfiguration;
			buildSettings = {
				ASSETCATALOG_COMPILER_APPICON_NAME = AppIcon;
				INFOPLIST_FILE = searchDemo/Info.plist;
				LD_RUNPATH_SEARCH_PATHS = "$(inherited) @executable_path/Frameworks";
				PRODUCT_NAME = "$(TARGET_NAME)";
			};
			name = Debug;
		};
		85CF8CBB1BB30081009C3C42 /* Release */ = {
			isa = XCBuildConfiguration;
			buildSettings = {
				ASSETCATALOG_COMPILER_APPICON_NAME = AppIcon;
				INFOPLIST_FILE = searchDemo/Info.plist;
				LD_RUNPATH_SEARCH_PATHS = "$(inherited) @executable_path/Frameworks";
				PRODUCT_NAME = "$(TARGET_NAME)";
			};
			name = Release;
		};
		85CF8CBD1BB30081009C3C42 /* Debug */ = {
			isa = XCBuildConfiguration;
			buildSettings = {
				BUNDLE_LOADER = "$(TEST_HOST)";
				FRAMEWORK_SEARCH_PATHS = (
					"$(SDKROOT)/Developer/Library/Frameworks",
					"$(inherited)",
				);
				GCC_PREPROCESSOR_DEFINITIONS = (
					"DEBUG=1",
					"$(inherited)",
				);
				INFOPLIST_FILE = searchDemoTests/Info.plist;
				LD_RUNPATH_SEARCH_PATHS = "$(inherited) @executable_path/Frameworks @loader_path/Frameworks";
				PRODUCT_NAME = "$(TARGET_NAME)";
				TEST_HOST = "$(BUILT_PRODUCTS_DIR)/searchDemo.app/searchDemo";
			};
			name = Debug;
		};
		85CF8CBE1BB30081009C3C42 /* Release */ = {
			isa = XCBuildConfiguration;
			buildSettings = {
				BUNDLE_LOADER = "$(TEST_HOST)";
				FRAMEWORK_SEARCH_PATHS = (
					"$(SDKROOT)/Developer/Library/Frameworks",
					"$(inherited)",
				);
				INFOPLIST_FILE = searchDemoTests/Info.plist;
				LD_RUNPATH_SEARCH_PATHS = "$(inherited) @executable_path/Frameworks @loader_path/Frameworks";
				PRODUCT_NAME = "$(TARGET_NAME)";
				TEST_HOST = "$(BUILT_PRODUCTS_DIR)/searchDemo.app/searchDemo";
			};
			name = Release;
		};
/* End XCBuildConfiguration section */

/* Begin XCConfigurationList section */
		85CF8C911BB30081009C3C42 /* Build configuration list for PBXProject "searchDemo" */ = {
			isa = XCConfigurationList;
			buildConfigurations = (
				85CF8CB71BB30081009C3C42 /* Debug */,
				85CF8CB81BB30081009C3C42 /* Release */,
			);
			defaultConfigurationIsVisible = 0;
			defaultConfigurationName = Release;
		};
		85CF8CB91BB30081009C3C42 /* Build configuration list for PBXNativeTarget "searchDemo" */ = {
			isa = XCConfigurationList;
			buildConfigurations = (
				85CF8CBA1BB30081009C3C42 /* Debug */,
				85CF8CBB1BB30081009C3C42 /* Release */,
			);
			defaultConfigurationIsVisible = 0;
		};
		85CF8CBC1BB30081009C3C42 /* Build configuration list for PBXNativeTarget "searchDemoTests" */ = {
			isa = XCConfigurationList;
			buildConfigurations = (
				85CF8CBD1BB30081009C3C42 /* Debug */,
				85CF8CBE1BB30081009C3C42 /* Release */,
			);
			defaultConfigurationIsVisible = 0;
		};
/* End XCConfigurationList section */
	};
	rootObject = 85CF8C8E1BB30081009C3C42 /* Project object */;
}
